
Microsoft Visual Studio Solution File, Format Version 12.00
# Visual Studio Version 16
VisualStudioVersion = 16.0.30104.148
MinimumVisualStudioVersion = 10.0.40219.1
Project("{FAE04EC0-301F-11D3-BF4B-00C04F79EFBC}") = "Tutorials", "Tutorials\Tutorials.csproj", "{8A54B204-139C-4A0E-BBA7-CCCECB76B480}"
EndProject
Project("{FAE04EC0-301F-11D3-BF4B-00C04F79EFBC}") = "RestrictedClass", "RestrictedClass\RestrictedClass.csproj", "{2C53F350-F3ED-43CE-BEFC-E3907E6F9556}"
EndProject
Project("{FAE04EC0-301F-11D3-BF4B-00C04F79EFBC}") = "Singleton", "Singleton\Singleton.csproj", "{F6AD7733-814A-42F2-951C-40B4CE16148F}"
EndProject
Global
	GlobalSection(SolutionConfigurationPlatforms) = preSolution
		Debug|Any CPU = Debug|Any CPU
		Release|Any CPU = Release|Any CPU
	EndGlobalSection
	GlobalSection(ProjectConfigurationPlatforms) = postSolution
		{8A54B204-139C-4A0E-BBA7-CCCECB76B480}.Debug|Any CPU.ActiveCfg = Debug|Any CPU
		{8A54B204-139C-4A0E-BBA7-CCCECB76B480}.Debug|Any CPU.Build.0 = Debug|Any CPU
		{8A54B204-139C-4A0E-BBA7-CCCECB76B480}.Release|Any CPU.ActiveCfg = Release|Any CPU
		{8A54B204-139C-4A0E-BBA7-CCCECB76B480}.Release|Any CPU.Build.0 = Release|Any CPU
		{2C53F350-F3ED-43CE-BEFC-E3907E6F9556}.Debug|Any CPU.ActiveCfg = Debug|Any CPU
		{2C53F350-F3ED-43CE-BEFC-E3907E6F9556}.Debug|Any CPU.Build.0 = Debug|Any CPU
		{2C53F350-F3ED-43CE-BEFC-E3907E6F9556}.Release|Any CPU.ActiveCfg = Release|Any CPU
		{2C53F350-F3ED-43CE-BEFC-E3907E6F9556}.Release|Any CPU.Build.0 = Release|Any CPU
		{F6AD7733-814A-42F2-951C-40B4CE16148F}.Debug|Any CPU.ActiveCfg = Debug|Any CPU
		{F6AD7733-814A-42F2-951C-40B4CE16148F}.Debug|Any CPU.Build.0 = Debug|Any CPU
		{F6AD7733-814A-42F2-951C-40B4CE16148F}.Release|Any CPU.ActiveCfg = Release|Any CPU
		{F6AD7733-814A-42F2-951C-40B4CE16148F}.Release|Any CPU.Build.0 = Release|Any CPU
	EndGlobalSection
	GlobalSection(SolutionProperties) = preSolution
		HideSolutionNode = FALSE
	EndGlobalSection
	GlobalSection(ExtensibilityGlobals) = postSolution
		SolutionGuid = {20802FDF-0C6F-4092-A00B-17BF6B68E052}
	EndGlobalSection
EndGlobal
